
Microsoft Visual Studio Solution File, Format Version 12.00
# Visual Studio Version 16
VisualStudioVersion = 16.0.29806.167
MinimumVisualStudioVersion = 10.0.40219.1
Project("{FAE04EC0-301F-11D3-BF4B-00C04F79EFBC}") = "ChatServer", "ChatServer.csproj", "{DF1A1B56-DB63-4210-87F8-1653CCB5008D}"
EndProject
Project("{9A19103F-16F7-4668-BE54-9A1E7A4F7556}") = "LANnode", "..\..\Common\LANnode\LANnode.csproj", "{84C22B6A-A622-4E9A-B919-891040480A4B}"
EndProject
Global
	GlobalSection(SolutionConfigurationPlatforms) = preSolution
		Debug|Any CPU = Debug|Any CPU
		Release|Any CPU = Release|Any CPU
	EndGlobalSection
	GlobalSection(ProjectConfigurationPlatforms) = postSolution
		{DF1A1B56-DB63-4210-87F8-1653CCB5008D}.Debug|Any CPU.ActiveCfg = Debug|Any CPU
		{DF1A1B56-DB63-4210-87F8-1653CCB5008D}.Debug|Any CPU.Build.0 = Debug|Any CPU
		{DF1A1B56-DB63-4210-87F8-1653CCB5008D}.Release|Any CPU.ActiveCfg = Release|Any CPU
		{DF1A1B56-DB63-4210-87F8-1653CCB5008D}.Release|Any CPU.Build.0 = Release|Any CPU
		{84C22B6A-A622-4E9A-B919-891040480A4B}.Debug|Any CPU.ActiveCfg = Debug|Any CPU
		{84C22B6A-A622-4E9A-B919-891040480A4B}.Debug|Any CPU.Build.0 = Debug|Any CPU
		{84C22B6A-A622-4E9A-B919-891040480A4B}.Release|Any CPU.ActiveCfg = Release|Any CPU
		{84C22B6A-A622-4E9A-B919-891040480A4B}.Release|Any CPU.Build.0 = Release|Any CPU
	EndGlobalSection
	GlobalSection(SolutionProperties) = preSolution
		HideSolutionNode = FALSE
	EndGlobalSection
	GlobalSection(ExtensibilityGlobals) = postSolution
		SolutionGuid = {132700A9-D837-4C31-8149-9C8B87EBEA7D}
	EndGlobalSection
EndGlobal
